
Microsoft Visual Studio Solution File, Format Version 12.00
# Visual Studio Version 16
VisualStudioVersion = 16.0.31702.278
MinimumVisualStudioVersion = 10.0.40219.1
Project("{9A19103F-16F7-4668-BE54-9A1E7A4F7556}") = ".root", ".root.targets", "{D77065FF-9B9B-44E6-BB4C-169C0687F98C}"
EndProject
Project("{9A19103F-16F7-4668-BE54-9A1E7A4F7556}") = "Subatomix.PowerShell.TaskHost", "Subatomix.PowerShell.TaskHost\Subatomix.PowerShell.TaskHost.csproj", "{E79939FC-DD5F-4663-AF20-F323992DFCCE}"
EndProject
Project("{9A19103F-16F7-4668-BE54-9A1E7A4F7556}") = "Subatomix.PowerShell.TaskHost.Tests", "Subatomix.PowerShell.TaskHost.Tests\Subatomix.PowerShell.TaskHost.Tests.csproj", "{E1ACA605-8580-4D93-95F3-914078063191}"
EndProject
Global
	GlobalSection(SolutionConfigurationPlatforms) = preSolution
		Debug|Any CPU = Debug|Any CPU
		Release|Any CPU = Release|Any CPU
	EndGlobalSection
	GlobalSection(ProjectConfigurationPlatforms) = postSolution
		{D77065FF-9B9B-44E6-BB4C-169C0687F98C}.Debug|Any CPU.ActiveCfg = Debug|Any CPU
		{D77065FF-9B9B-44E6-BB4C-169C0687F98C}.Release|Any CPU.ActiveCfg = Release|Any CPU
		{E79939FC-DD5F-4663-AF20-F323992DFCCE}.Debug|Any CPU.ActiveCfg = Debug|Any CPU
		{E79939FC-DD5F-4663-AF20-F323992DFCCE}.Debug|Any CPU.Build.0 = Debug|Any CPU
		{E79939FC-DD5F-4663-AF20-F323992DFCCE}.Release|Any CPU.ActiveCfg = Release|Any CPU
		{E79939FC-DD5F-4663-AF20-F323992DFCCE}.Release|Any CPU.Build.0 = Release|Any CPU
		{E1ACA605-8580-4D93-95F3-914078063191}.Debug|Any CPU.ActiveCfg = Debug|Any CPU
		{E1ACA605-8580-4D93-95F3-914078063191}.Debug|Any CPU.Build.0 = Debug|Any CPU
		{E1ACA605-8580-4D93-95F3-914078063191}.Release|Any CPU.ActiveCfg = Release|Any CPU
		{E1ACA605-8580-4D93-95F3-914078063191}.Release|Any CPU.Build.0 = Release|Any CPU
	EndGlobalSection
	GlobalSection(SolutionProperties) = preSolution
		HideSolutionNode = FALSE
	EndGlobalSection
	GlobalSection(ExtensibilityGlobals) = postSolution
		SolutionGuid = {91C92368-C190-407B-A5AC-90A2399E4B75}
	EndGlobalSection
EndGlobal
